
Microsoft Visual Studio Solution File, Format Version 12.00
# Visual Studio 15
VisualStudioVersion = 15.0.28307.645
MinimumVisualStudioVersion = 10.0.40219.1
Project("{FAE04EC0-301F-11D3-BF4B-00C04F79EFBC}") = "FleetTrackDemo1.Android", "FleetTrackDemo1\FleetTrackDemo1.Android\FleetTrackDemo1.Android.csproj", "{F7C6FCF8-8FA9-4C62-9D4C-7D026C1A20AD}"
EndProject
Project("{FAE04EC0-301F-11D3-BF4B-00C04F79EFBC}") = "FleetTrackDemo1.iOS", "FleetTrackDemo1\FleetTrackDemo1.iOS\FleetTrackDemo1.iOS.csproj", "{7F80A2B2-A4DA-4BC1-A3D3-082063F5FA56}"
EndProject
Project("{FAE04EC0-301F-11D3-BF4B-00C04F79EFBC}") = "FleetTrackDemo1", "FleetTrackDemo1\FleetTrackDemo1\FleetTrackDemo1.csproj", "{AA99709E-13FC-42FF-A0A9-E2C34A2C72BD}"
EndProject
Global
	GlobalSection(SolutionConfigurationPlatforms) = preSolution
		Ad-Hoc|Any CPU = Ad-Hoc|Any CPU
		Ad-Hoc|iPhone = Ad-Hoc|iPhone
		Ad-Hoc|iPhoneSimulator = Ad-Hoc|iPhoneSimulator
		AppStore|Any CPU = AppStore|Any CPU
		AppStore|iPhone = AppStore|iPhone
		AppStore|iPhoneSimulator = AppStore|iPhoneSimulator
		Debug|Any CPU = Debug|Any CPU
		Debug|iPhone = Debug|iPhone
		Debug|iPhoneSimulator = Debug|iPhoneSimulator
		Release|Any CPU = Release|Any CPU
		Release|iPhone = Release|iPhone
		Release|iPhoneSimulator = Release|iPhoneSimulator
	EndGlobalSection
	GlobalSection(ProjectConfigurationPlatforms) = postSolution
		{F7C6FCF8-8FA9-4C62-9D4C-7D026C1A20AD}.Ad-Hoc|Any CPU.ActiveCfg = Release|Any CPU
		{F7C6FCF8-8FA9-4C62-9D4C-7D026C1A20AD}.Ad-Hoc|Any CPU.Build.0 = Release|Any CPU
		{F7C6FCF8-8FA9-4C62-9D4C-7D026C1A20AD}.Ad-Hoc|Any CPU.Deploy.0 = Release|Any CPU
		{F7C6FCF8-8FA9-4C62-9D4C-7D026C1A20AD}.Ad-Hoc|iPhone.ActiveCfg = Release|Any CPU
		{F7C6FCF8-8FA9-4C62-9D4C-7D026C1A20AD}.Ad-Hoc|iPhone.Build.0 = Release|Any CPU
		{F7C6FCF8-8FA9-4C62-9D4C-7D026C1A20AD}.Ad-Hoc|iPhone.Deploy.0 = Release|Any CPU
		{F7C6FCF8-8FA9-4C62-9D4C-7D026C1A20AD}.Ad-Hoc|iPhoneSimulator.ActiveCfg = Release|Any CPU
		{F7C6FCF8-8FA9-4C62-9D4C-7D026C1A20AD}.Ad-Hoc|iPhoneSimulator.Build.0 = Release|Any CPU
		{F7C6FCF8-8FA9-4C62-9D4C-7D026C1A20AD}.Ad-Hoc|iPhoneSimulator.Deploy.0 = Release|Any CPU
		{F7C6FCF8-8FA9-4C62-9D4C-7D026C1A20AD}.AppStore|Any CPU.ActiveCfg = Release|Any CPU
		{F7C6FCF8-8FA9-4C62-9D4C-7D026C1A20AD}.AppStore|Any CPU.Build.0 = Release|Any CPU
		{F7C6FCF8-8FA9-4C62-9D4C-7D026C1A20AD}.AppStore|Any CPU.Deploy.0 = Release|Any CPU
		{F7C6FCF8-8FA9-4C62-9D4C-7D026C1A20AD}.AppStore|iPhone.ActiveCfg = Release|Any CPU
		{F7C6FCF8-8FA9-4C62-9D4C-7D026C1A20AD}.AppStore|iPhone.Build.0 = Release|Any CPU
		{F7C6FCF8-8FA9-4C62-9D4C-7D026C1A20AD}.AppStore|iPhone.Deploy.0 = Release|Any CPU
		{F7C6FCF8-8FA9-4C62-9D4C-7D026C1A20AD}.AppStore|iPhoneSimulator.ActiveCfg = Release|Any CPU
		{F7C6FCF8-8FA9-4C62-9D4C-7D026C1A20AD}.AppStore|iPhoneSimulator.Build.0 = Release|Any CPU
		{F7C6FCF8-8FA9-4C62-9D4C-7D026C1A20AD}.AppStore|iPhoneSimulator.Deploy.0 = Release|Any CPU
		{F7C6FCF8-8FA9-4C62-9D4C-7D026C1A20AD}.Debug|Any CPU.ActiveCfg = Debug|Any CPU
		{F7C6FCF8-8FA9-4C62-9D4C-7D026C1A20AD}.Debug|Any CPU.Build.0 = Debug|Any CPU
		{F7C6FCF8-8FA9-4C62-9D4C-7D026C1A20AD}.Debug|Any CPU.Deploy.0 = Debug|Any CPU
		{F7C6FCF8-8FA9-4C62-9D4C-7D026C1A20AD}.Debug|iPhone.ActiveCfg = Debug|Any CPU
		{F7C6FCF8-8FA9-4C62-9D4C-7D026C1A20AD}.Debug|iPhone.Build.0 = Debug|Any CPU
		{F7C6FCF8-8FA9-4C62-9D4C-7D026C1A20AD}.Debug|iPhone.Deploy.0 = Debug|Any CPU
		{F7C6FCF8-8FA9-4C62-9D4C-7D026C1A20AD}.Debug|iPhoneSimulator.ActiveCfg = Debug|Any CPU
		{F7C6FCF8-8FA9-4C62-9D4C-7D026C1A20AD}.Debug|iPhoneSimulator.Build.0 = Debug|Any CPU
		{F7C6FCF8-8FA9-4C62-9D4C-7D026C1A20AD}.Debug|iPhoneSimulator.Deploy.0 = Debug|Any CPU
		{F7C6FCF8-8FA9-4C62-9D4C-7D026C1A20AD}.Release|Any CPU.ActiveCfg = Release|Any CPU
		{F7C6FCF8-8FA9-4C62-9D4C-7D026C1A20AD}.Release|Any CPU.Build.0 = Release|Any CPU
		{F7C6FCF8-8FA9-4C62-9D4C-7D026C1A20AD}.Release|Any CPU.Deploy.0 = Release|Any CPU
		{F7C6FCF8-8FA9-4C62-9D4C-7D026C1A20AD}.Release|iPhone.ActiveCfg = Release|Any CPU
		{F7C6FCF8-8FA9-4C62-9D4C-7D026C1A20AD}.Release|iPhone.Build.0 = Release|Any CPU
		{F7C6FCF8-8FA9-4C62-9D4C-7D026C1A20AD}.Release|iPhone.Deploy.0 = Release|Any CPU
		{F7C6FCF8-8FA9-4C62-9D4C-7D026C1A20AD}.Release|iPhoneSimulator.ActiveCfg = Release|Any CPU
		{F7C6FCF8-8FA9-4C62-9D4C-7D026C1A20AD}.Release|iPhoneSimulator.Build.0 = Release|Any CPU
		{F7C6FCF8-8FA9-4C62-9D4C-7D026C1A20AD}.Release|iPhoneSimulator.Deploy.0 = Release|Any CPU
		{7F80A2B2-A4DA-4BC1-A3D3-082063F5FA56}.Ad-Hoc|Any CPU.ActiveCfg = Ad-Hoc|iPhone
		{7F80A2B2-A4DA-4BC1-A3D3-082063F5FA56}.Ad-Hoc|Any CPU.Build.0 = Ad-Hoc|iPhone
		{7F80A2B2-A4DA-4BC1-A3D3-082063F5FA56}.Ad-Hoc|Any CPU.Deploy.0 = Ad-Hoc|iPhone
		{7F80A2B2-A4DA-4BC1-A3D3-082063F5FA56}.Ad-Hoc|iPhone.ActiveCfg = Ad-Hoc|iPhone
		{7F80A2B2-A4DA-4BC1-A3D3-082063F5FA56}.Ad-Hoc|iPhone.Build.0 = Ad-Hoc|iPhone
		{7F80A2B2-A4DA-4BC1-A3D3-082063F5FA56}.Ad-Hoc|iPhone.Deploy.0 = Ad-Hoc|iPhone
		{7F80A2B2-A4DA-4BC1-A3D3-082063F5FA56}.Ad-Hoc|iPhoneSimulator.ActiveCfg = Ad-Hoc|iPhoneSimulator
		{7F80A2B2-A4DA-4BC1-A3D3-082063F5FA56}.Ad-Hoc|iPhoneSimulator.Build.0 = Ad-Hoc|iPhoneSimulator
		{7F80A2B2-A4DA-4BC1-A3D3-082063F5FA56}.Ad-Hoc|iPhoneSimulator.Deploy.0 = Ad-Hoc|iPhoneSimulator
		{7F80A2B2-A4DA-4BC1-A3D3-082063F5FA56}.AppStore|Any CPU.ActiveCfg = AppStore|iPhone
		{7F80A2B2-A4DA-4BC1-A3D3-082063F5FA56}.AppStore|Any CPU.Build.0 = AppStore|iPhone
		{7F80A2B2-A4DA-4BC1-A3D3-082063F5FA56}.AppStore|Any CPU.Deploy.0 = AppStore|iPhone
		{7F80A2B2-A4DA-4BC1-A3D3-082063F5FA56}.AppStore|iPhone.ActiveCfg = AppStore|iPhone
		{7F80A2B2-A4DA-4BC1-A3D3-082063F5FA56}.AppStore|iPhone.Build.0 = AppStore|iPhone
		{7F80A2B2-A4DA-4BC1-A3D3-082063F5FA56}.AppStore|iPhone.Deploy.0 = AppStore|iPhone
		{7F80A2B2-A4DA-4BC1-A3D3-082063F5FA56}.AppStore|iPhoneSimulator.ActiveCfg = AppStore|iPhoneSimulator
		{7F80A2B2-A4DA-4BC1-A3D3-082063F5FA56}.AppStore|iPhoneSimulator.Build.0 = AppStore|iPhoneSimulator
		{7F80A2B2-A4DA-4BC1-A3D3-082063F5FA56}.AppStore|iPhoneSimulator.Deploy.0 = AppStore|iPhoneSimulator
		{7F80A2B2-A4DA-4BC1-A3D3-082063F5FA56}.Debug|Any CPU.ActiveCfg = Debug|iPhoneSimulator
		{7F80A2B2-A4DA-4BC1-A3D3-082063F5FA56}.Debug|Any CPU.Build.0 = Debug|iPhoneSimulator
		{7F80A2B2-A4DA-4BC1-A3D3-082063F5FA56}.Debug|Any CPU.Deploy.0 = Debug|iPhoneSimulator
		{7F80A2B2-A4DA-4BC1-A3D3-082063F5FA56}.Debug|iPhone.ActiveCfg = Debug|iPhone
		{7F80A2B2-A4DA-4BC1-A3D3-082063F5FA56}.Debug|iPhone.Build.0 = Debug|iPhone
		{7F80A2B2-A4DA-4BC1-A3D3-082063F5FA56}.Debug|iPhone.Deploy.0 = Debug|iPhone
		{7F80A2B2-A4DA-4BC1-A3D3-082063F5FA56}.Debug|iPhoneSimulator.ActiveCfg = Debug|iPhoneSimulator
		{7F80A2B2-A4DA-4BC1-A3D3-082063F5FA56}.Debug|iPhoneSimulator.Build.0 = Debug|iPhoneSimulator
		{7F80A2B2-A4DA-4BC1-A3D3-082063F5FA56}.Debug|iPhoneSimulator.Deploy.0 = Debug|iPhoneSimulator
		{7F80A2B2-A4DA-4BC1-A3D3-082063F5FA56}.Release|Any CPU.ActiveCfg = Release|iPhone
		{7F80A2B2-A4DA-4BC1-A3D3-082063F5FA56}.Release|Any CPU.Build.0 = Release|iPhone
		{7F80A2B2-A4DA-4BC1-A3D3-082063F5FA56}.Release|Any CPU.Deploy.0 = Release|iPhone
		{7F80A2B2-A4DA-4BC1-A3D3-082063F5FA56}.Release|iPhone.ActiveCfg = Release|iPhone
		{7F80A2B2-A4DA-4BC1-A3D3-082063F5FA56}.Release|iPhone.Build.0 = Release|iPhone
		{7F80A2B2-A4DA-4BC1-A3D3-082063F5FA56}.Release|iPhone.Deploy.0 = Release|iPhone
		{7F80A2B2-A4DA-4BC1-A3D3-082063F5FA56}.Release|iPhoneSimulator.ActiveCfg = Release|iPhoneSimulator
		{7F80A2B2-A4DA-4BC1-A3D3-082063F5FA56}.Release|iPhoneSimulator.Build.0 = Release|iPhoneSimulator
		{7F80A2B2-A4DA-4BC1-A3D3-082063F5FA56}.Release|iPhoneSimulator.Deploy.0 = Release|iPhoneSimulator
		{AA99709E-13FC-42FF-A0A9-E2C34A2C72BD}.Ad-Hoc|Any CPU.ActiveCfg = Debug|Any CPU
		{AA99709E-13FC-42FF-A0A9-E2C34A2C72BD}.Ad-Hoc|Any CPU.Build.0 = Debug|Any CPU
		{AA99709E-13FC-42FF-A0A9-E2C34A2C72BD}.Ad-Hoc|Any CPU.Deploy.0 = Debug|Any CPU
		{AA99709E-13FC-42FF-A0A9-E2C34A2C72BD}.Ad-Hoc|iPhone.ActiveCfg = Debug|Any CPU
		{AA99709E-13FC-42FF-A0A9-E2C34A2C72BD}.Ad-Hoc|iPhone.Build.0 = Debug|Any CPU
		{AA99709E-13FC-42FF-A0A9-E2C34A2C72BD}.Ad-Hoc|iPhone.Deploy.0 = Debug|Any CPU
		{AA99709E-13FC-42FF-A0A9-E2C34A2C72BD}.Ad-Hoc|iPhoneSimulator.ActiveCfg = Debug|Any CPU
		{AA99709E-13FC-42FF-A0A9-E2C34A2C72BD}.Ad-Hoc|iPhoneSimulator.Build.0 = Debug|Any CPU
		{AA99709E-13FC-42FF-A0A9-E2C34A2C72BD}.Ad-Hoc|iPhoneSimulator.Deploy.0 = Debug|Any CPU
		{AA99709E-13FC-42FF-A0A9-E2C34A2C72BD}.AppStore|Any CPU.ActiveCfg = Debug|Any CPU
		{AA99709E-13FC-42FF-A0A9-E2C34A2C72BD}.AppStore|Any CPU.Build.0 = Debug|Any CPU
		{AA99709E-13FC-42FF-A0A9-E2C34A2C72BD}.AppStore|Any CPU.Deploy.0 = Debug|Any CPU
		{AA99709E-13FC-42FF-A0A9-E2C34A2C72BD}.AppStore|iPhone.ActiveCfg = Debug|Any CPU
		{AA99709E-13FC-42FF-A0A9-E2C34A2C72BD}.AppStore|iPhone.Build.0 = Debug|Any CPU
		{AA99709E-13FC-42FF-A0A9-E2C34A2C72BD}.AppStore|iPhone.Deploy.0 = Debug|Any CPU
		{AA99709E-13FC-42FF-A0A9-E2C34A2C72BD}.AppStore|iPhoneSimulator.ActiveCfg = Debug|Any CPU
		{AA99709E-13FC-42FF-A0A9-E2C34A2C72BD}.AppStore|iPhoneSimulator.Build.0 = Debug|Any CPU
		{AA99709E-13FC-42FF-A0A9-E2C34A2C72BD}.AppStore|iPhoneSimulator.Deploy.0 = Debug|Any CPU
		{AA99709E-13FC-42FF-A0A9-E2C34A2C72BD}.Debug|Any CPU.ActiveCfg = Debug|Any CPU
		{AA99709E-13FC-42FF-A0A9-E2C34A2C72BD}.Debug|Any CPU.Build.0 = Debug|Any CPU
		{AA99709E-13FC-42FF-A0A9-E2C34A2C72BD}.Debug|Any CPU.Deploy.0 = Debug|Any CPU
		{AA99709E-13FC-42FF-A0A9-E2C34A2C72BD}.Debug|iPhone.ActiveCfg = Debug|Any CPU
		{AA99709E-13FC-42FF-A0A9-E2C34A2C72BD}.Debug|iPhone.Build.0 = Debug|Any CPU
		{AA99709E-13FC-42FF-A0A9-E2C34A2C72BD}.Debug|iPhone.Deploy.0 = Debug|Any CPU
		{AA99709E-13FC-42FF-A0A9-E2C34A2C72BD}.Debug|iPhoneSimulator.ActiveCfg = Debug|Any CPU
		{AA99709E-13FC-42FF-A0A9-E2C34A2C72BD}.Debug|iPhoneSimulator.Build.0 = Debug|Any CPU
		{AA99709E-13FC-42FF-A0A9-E2C34A2C72BD}.Debug|iPhoneSimulator.Deploy.0 = Debug|Any CPU
		{AA99709E-13FC-42FF-A0A9-E2C34A2C72BD}.Release|Any CPU.ActiveCfg = Release|Any CPU
		{AA99709E-13FC-42FF-A0A9-E2C34A2C72BD}.Release|Any CPU.Build.0 = Release|Any CPU
		{AA99709E-13FC-42FF-A0A9-E2C34A2C72BD}.Release|Any CPU.Deploy.0 = Release|Any CPU
		{AA99709E-13FC-42FF-A0A9-E2C34A2C72BD}.Release|iPhone.ActiveCfg = Release|Any CPU
		{AA99709E-13FC-42FF-A0A9-E2C34A2C72BD}.Release|iPhone.Build.0 = Release|Any CPU
		{AA99709E-13FC-42FF-A0A9-E2C34A2C72BD}.Release|iPhone.Deploy.0 = Release|Any CPU
		{AA99709E-13FC-42FF-A0A9-E2C34A2C72BD}.Release|iPhoneSimulator.ActiveCfg = Release|Any CPU
		{AA99709E-13FC-42FF-A0A9-E2C34A2C72BD}.Release|iPhoneSimulator.Build.0 = Release|Any CPU
		{AA99709E-13FC-42FF-A0A9-E2C34A2C72BD}.Release|iPhoneSimulator.Deploy.0 = Release|Any CPU
	EndGlobalSection
	GlobalSection(SolutionProperties) = preSolution
		HideSolutionNode = FALSE
	EndGlobalSection
	GlobalSection(ExtensibilityGlobals) = postSolution
		SolutionGuid = {2CCBD20A-8C4E-4354-9DA5-48663EC1BAD0}
	EndGlobalSection
EndGlobal
